
Microsoft Visual Studio Solution File, Format Version 12.00
# Visual Studio 15
VisualStudioVersion = 15.0.27703.2000
MinimumVisualStudioVersion = 10.0.40219.1
Project("{FAE04EC0-301F-11D3-BF4B-00C04F79EFBC}") = "MVCDemo", "MVCDemo\MVCDemo.csproj", "{48026AAA-9C5B-4484-A9B3-014544CE1C40}"
EndProject
Global
	GlobalSection(SolutionConfigurationPlatforms) = preSolution
		Debug|Any CPU = Debug|Any CPU
		Release|Any CPU = Release|Any CPU
	EndGlobalSection
	GlobalSection(ProjectConfigurationPlatforms) = postSolution
		{48026AAA-9C5B-4484-A9B3-014544CE1C40}.Debug|Any CPU.ActiveCfg = Debug|Any CPU
		{48026AAA-9C5B-4484-A9B3-014544CE1C40}.Debug|Any CPU.Build.0 = Debug|Any CPU
		{48026AAA-9C5B-4484-A9B3-014544CE1C40}.Release|Any CPU.ActiveCfg = Release|Any CPU
		{48026AAA-9C5B-4484-A9B3-014544CE1C40}.Release|Any CPU.Build.0 = Release|Any CPU
	EndGlobalSection
	GlobalSection(SolutionProperties) = preSolution
		HideSolutionNode = FALSE
	EndGlobalSection
	GlobalSection(ExtensibilityGlobals) = postSolution
		SolutionGuid = {4639747C-5FFD-425E-A736-BDA0E70D68FB}
	EndGlobalSection
EndGlobal
